
Microsoft Visual Studio Solution File, Format Version 12.00
# Visual Studio 15
VisualStudioVersion = 15.0.27703.2042
MinimumVisualStudioVersion = 10.0.40219.1
Project("{FAE04EC0-301F-11D3-BF4B-00C04F79EFBC}") = "TrashCollector", "TrashCollector\TrashCollector.csproj", "{B60E1653-7F80-4ED1-9053-701238105C45}"
EndProject
Global
	GlobalSection(SolutionConfigurationPlatforms) = preSolution
		Debug|Any CPU = Debug|Any CPU
		Release|Any CPU = Release|Any CPU
	EndGlobalSection
	GlobalSection(ProjectConfigurationPlatforms) = postSolution
		{B60E1653-7F80-4ED1-9053-701238105C45}.Debug|Any CPU.ActiveCfg = Debug|Any CPU
		{B60E1653-7F80-4ED1-9053-701238105C45}.Debug|Any CPU.Build.0 = Debug|Any CPU
		{B60E1653-7F80-4ED1-9053-701238105C45}.Release|Any CPU.ActiveCfg = Release|Any CPU
		{B60E1653-7F80-4ED1-9053-701238105C45}.Release|Any CPU.Build.0 = Release|Any CPU
	EndGlobalSection
	GlobalSection(SolutionProperties) = preSolution
		HideSolutionNode = FALSE
	EndGlobalSection
	GlobalSection(ExtensibilityGlobals) = postSolution
		SolutionGuid = {55EE18F8-83B5-4FCB-942C-0812565F2F37}
	EndGlobalSection
EndGlobal
